// !$*UTF8*$!
{
	archiveVersion = 1;
	classes = {
	};
	objectVersion = 55;
	objects = {

/* Begin PBXBuildFile section */
		ACC66AFCA4BF76218BA6C2B8 /* Pods_Weather_App.framework in Frameworks */ = {isa = PBXBuildFile; fileRef = D89E6AA667C1DE16BBF1F26F /* Pods_Weather_App.framework */; };
		FD2EA74D28C4EDD800B3DDC5 /* CityService.swift in Sources */ = {isa = PBXBuildFile; fileRef = FD2EA74C28C4EDD800B3DDC5 /* CityService.swift */; };
		FD4FD3DF28C4EF8400E3AE3E /* City.swift in Sources */ = {isa = PBXBuildFile; fileRef = FD4FD3DE28C4EF8400E3AE3E /* City.swift */; };
		FD4FD3E228C5050800E3AE3E /* AddCityViewController.swift in Sources */ = {isa = PBXBuildFile; fileRef = FD4FD3E128C5050800E3AE3E /* AddCityViewController.swift */; };
		FD4FD3E428C5051500E3AE3E /* AddCityView.swift in Sources */ = {isa = PBXBuildFile; fileRef = FD4FD3E328C5051500E3AE3E /* AddCityView.swift */; };
		FD4FD3E628C5052600E3AE3E /* AddCityViewModel.swift in Sources */ = {isa = PBXBuildFile; fileRef = FD4FD3E528C5052600E3AE3E /* AddCityViewModel.swift */; };
		FD4FD3EB28C5073700E3AE3E /* NavigationTableViewCell.xib in Resources */ = {isa = PBXBuildFile; fileRef = FD4FD3EA28C5073700E3AE3E /* NavigationTableViewCell.xib */; };
		FD6118CF2895721500766D77 /* WeatherTableViewCell.swift in Sources */ = {isa = PBXBuildFile; fileRef = FD6118CE2895721500766D77 /* WeatherTableViewCell.swift */; };
		FDC4EC182888422B004DCBA4 /* AppDelegate.swift in Sources */ = {isa = PBXBuildFile; fileRef = FDC4EC172888422B004DCBA4 /* AppDelegate.swift */; };
		FDC4EC1A2888422B004DCBA4 /* SceneDelegate.swift in Sources */ = {isa = PBXBuildFile; fileRef = FDC4EC192888422B004DCBA4 /* SceneDelegate.swift */; };
		FDC4EC2C28884E80004DCBA4 /* NavigationTableViewCell.swift in Sources */ = {isa = PBXBuildFile; fileRef = FDC4EC2B28884E80004DCBA4 /* NavigationTableViewCell.swift */; };
		FDD6AA4628A6A0200020F03C /* CitiesListView.swift in Sources */ = {isa = PBXBuildFile; fileRef = FDD6AA4528A6A0200020F03C /* CitiesListView.swift */; };
		FDD6AA4828A6A0310020F03C /* CitiesListViewController.swift in Sources */ = {isa = PBXBuildFile; fileRef = FDD6AA4728A6A0310020F03C /* CitiesListViewController.swift */; };
		FDD6AA4A28A6A0470020F03C /* CitiesListViewModel.swift in Sources */ = {isa = PBXBuildFile; fileRef = FDD6AA4928A6A0470020F03C /* CitiesListViewModel.swift */; };
		FDD6AA4E28A6A90F0020F03C /* WeatherView.swift in Sources */ = {isa = PBXBuildFile; fileRef = FDD6AA4D28A6A90F0020F03C /* WeatherView.swift */; };
		FDD6AA5028A6A91A0020F03C /* WeatherViewController.swift in Sources */ = {isa = PBXBuildFile; fileRef = FDD6AA4F28A6A91A0020F03C /* WeatherViewController.swift */; };
		FDD6AA5228A6A9250020F03C /* WeatherViewModel.swift in Sources */ = {isa = PBXBuildFile; fileRef = FDD6AA5128A6A9250020F03C /* WeatherViewModel.swift */; };
		FDD6AA5428AA76330020F03C /* Main.storyboard in Resources */ = {isa = PBXBuildFile; fileRef = FDC4EC1D2888422B004DCBA4 /* Main.storyboard */; };
		FDD6AA5528AA76370020F03C /* LaunchScreen.storyboard in Resources */ = {isa = PBXBuildFile; fileRef = FDC4EC222888422E004DCBA4 /* LaunchScreen.storyboard */; };
		FDD6AA5628AA763A0020F03C /* Assets.xcassets in Resources */ = {isa = PBXBuildFile; fileRef = FDC4EC202888422E004DCBA4 /* Assets.xcassets */; };
		FDD6AA5728AA76400020F03C /* Localizable.strings in Resources */ = {isa = PBXBuildFile; fileRef = FD23A3DC289BE63E00CD519A /* Localizable.strings */; };
		FDD6AA5828AA76440020F03C /* GoogleService-Info.plist in Resources */ = {isa = PBXBuildFile; fileRef = FDB8C61528A3D33900556D5C /* GoogleService-Info.plist */; };
/* End PBXBuildFile section */

/* Begin PBXFileReference section */
		7908FB770C12C82F2A1241C9 /* Pods-Weather App.debug.xcconfig */ = {isa = PBXFileReference; includeInIndex = 1; lastKnownFileType = text.xcconfig; name = "Pods-Weather App.debug.xcconfig"; path = "Target Support Files/Pods-Weather App/Pods-Weather App.debug.xcconfig"; sourceTree = "<group>"; };
		AF8CC4542ACFD86F93EF27AD /* Pods-Weather App.release.xcconfig */ = {isa = PBXFileReference; includeInIndex = 1; lastKnownFileType = text.xcconfig; name = "Pods-Weather App.release.xcconfig"; path = "Target Support Files/Pods-Weather App/Pods-Weather App.release.xcconfig"; sourceTree = "<group>"; };
		D89E6AA667C1DE16BBF1F26F /* Pods_Weather_App.framework */ = {isa = PBXFileReference; explicitFileType = wrapper.framework; includeInIndex = 0; path = Pods_Weather_App.framework; sourceTree = BUILT_PRODUCTS_DIR; };
		FD23A3DB289BE63E00CD519A /* en */ = {isa = PBXFileReference; lastKnownFileType = text.plist.strings; name = en; path = en.lproj/Localizable.strings; sourceTree = "<group>"; };
		FD23A3DD289BE69F00CD519A /* ru */ = {isa = PBXFileReference; lastKnownFileType = text.plist.strings; name = ru; path = ru.lproj/Localizable.strings; sourceTree = "<group>"; };
		FD2EA74C28C4EDD800B3DDC5 /* CityService.swift */ = {isa = PBXFileReference; lastKnownFileType = sourcecode.swift; path = CityService.swift; sourceTree = "<group>"; };
		FD4FD3DE28C4EF8400E3AE3E /* City.swift */ = {isa = PBXFileReference; lastKnownFileType = sourcecode.swift; path = City.swift; sourceTree = "<group>"; };
		FD4FD3E128C5050800E3AE3E /* AddCityViewController.swift */ = {isa = PBXFileReference; lastKnownFileType = sourcecode.swift; path = AddCityViewController.swift; sourceTree = "<group>"; };
		FD4FD3E328C5051500E3AE3E /* AddCityView.swift */ = {isa = PBXFileReference; lastKnownFileType = sourcecode.swift; path = AddCityView.swift; sourceTree = "<group>"; };
		FD4FD3E528C5052600E3AE3E /* AddCityViewModel.swift */ = {isa = PBXFileReference; lastKnownFileType = sourcecode.swift; path = AddCityViewModel.swift; sourceTree = "<group>"; };
		FD4FD3EA28C5073700E3AE3E /* NavigationTableViewCell.xib */ = {isa = PBXFileReference; lastKnownFileType = file.xib; path = NavigationTableViewCell.xib; sourceTree = "<group>"; };
		FD6118CE2895721500766D77 /* WeatherTableViewCell.swift */ = {isa = PBXFileReference; lastKnownFileType = sourcecode.swift; path = WeatherTableViewCell.swift; sourceTree = "<group>"; };
		FDB8C61528A3D33900556D5C /* GoogleService-Info.plist */ = {isa = PBXFileReference; fileEncoding = 4; lastKnownFileType = text.plist.xml; path = "GoogleService-Info.plist"; sourceTree = "<group>"; };
		FDC4EC142888422B004DCBA4 /* Weather App.app */ = {isa = PBXFileReference; explicitFileType = wrapper.application; includeInIndex = 0; path = "Weather App.app"; sourceTree = BUILT_PRODUCTS_DIR; };
		FDC4EC172888422B004DCBA4 /* AppDelegate.swift */ = {isa = PBXFileReference; lastKnownFileType = sourcecode.swift; path = AppDelegate.swift; sourceTree = "<group>"; };
		FDC4EC192888422B004DCBA4 /* SceneDelegate.swift */ = {isa = PBXFileReference; lastKnownFileType = sourcecode.swift; path = SceneDelegate.swift; sourceTree = "<group>"; };
		FDC4EC1E2888422B004DCBA4 /* Base */ = {isa = PBXFileReference; lastKnownFileType = file.storyboard; name = Base; path = Base.lproj/Main.storyboard; sourceTree = "<group>"; };
		FDC4EC202888422E004DCBA4 /* Assets.xcassets */ = {isa = PBXFileReference; lastKnownFileType = folder.assetcatalog; path = Assets.xcassets; sourceTree = "<group>"; };
		FDC4EC232888422E004DCBA4 /* Base */ = {isa = PBXFileReference; lastKnownFileType = file.storyboard; name = Base; path = Base.lproj/LaunchScreen.storyboard; sourceTree = "<group>"; };
		FDC4EC252888422E004DCBA4 /* Info.plist */ = {isa = PBXFileReference; lastKnownFileType = text.plist.xml; path = Info.plist; sourceTree = "<group>"; };
		FDC4EC2B28884E80004DCBA4 /* NavigationTableViewCell.swift */ = {isa = PBXFileReference; lastKnownFileType = sourcecode.swift; path = NavigationTableViewCell.swift; sourceTree = "<group>"; };
		FDD6AA4528A6A0200020F03C /* CitiesListView.swift */ = {isa = PBXFileReference; lastKnownFileType = sourcecode.swift; path = CitiesListView.swift; sourceTree = "<group>"; };
		FDD6AA4728A6A0310020F03C /* CitiesListViewController.swift */ = {isa = PBXFileReference; lastKnownFileType = sourcecode.swift; path = CitiesListViewController.swift; sourceTree = "<group>"; };
		FDD6AA4928A6A0470020F03C /* CitiesListViewModel.swift */ = {isa = PBXFileReference; lastKnownFileType = sourcecode.swift; path = CitiesListViewModel.swift; sourceTree = "<group>"; };
		FDD6AA4D28A6A90F0020F03C /* WeatherView.swift */ = {isa = PBXFileReference; lastKnownFileType = sourcecode.swift; path = WeatherView.swift; sourceTree = "<group>"; };
		FDD6AA4F28A6A91A0020F03C /* WeatherViewController.swift */ = {isa = PBXFileReference; lastKnownFileType = sourcecode.swift; path = WeatherViewController.swift; sourceTree = "<group>"; };
		FDD6AA5128A6A9250020F03C /* WeatherViewModel.swift */ = {isa = PBXFileReference; lastKnownFileType = sourcecode.swift; path = WeatherViewModel.swift; sourceTree = "<group>"; };
/* End PBXFileReference section */

/* Begin PBXFrameworksBuildPhase section */
		FDC4EC112888422B004DCBA4 /* Frameworks */ = {
			isa = PBXFrameworksBuildPhase;
			buildActionMask = 2147483647;
			files = (
				ACC66AFCA4BF76218BA6C2B8 /* Pods_Weather_App.framework in Frameworks */,
			);
			runOnlyForDeploymentPostprocessing = 0;
		};
/* End PBXFrameworksBuildPhase section */

/* Begin PBXGroup section */
		96C43EF1166B6AA00690E82A /* Frameworks */ = {
			isa = PBXGroup;
			children = (
				D89E6AA667C1DE16BBF1F26F /* Pods_Weather_App.framework */,
			);
			name = Frameworks;
			sourceTree = "<group>";
		};
		F7B97734DC356F78CDCA5761 /* Pods */ = {
			isa = PBXGroup;
			children = (
				7908FB770C12C82F2A1241C9 /* Pods-Weather App.debug.xcconfig */,
				AF8CC4542ACFD86F93EF27AD /* Pods-Weather App.release.xcconfig */,
			);
			path = Pods;
			sourceTree = "<group>";
		};
		FD2EA74B28C4EDC600B3DDC5 /* Services */ = {
			isa = PBXGroup;
			children = (
				FD2EA74C28C4EDD800B3DDC5 /* CityService.swift */,
			);
			path = Services;
			sourceTree = "<group>";
		};
		FD4FD3DD28C4EF0D00E3AE3E /* Entities */ = {
			isa = PBXGroup;
			children = (
				FD4FD3DE28C4EF8400E3AE3E /* City.swift */,
			);
			path = Entities;
			sourceTree = "<group>";
		};
		FD4FD3E028C504E600E3AE3E /* AddNewCityViewController */ = {
			isa = PBXGroup;
			children = (
				FD4FD3E328C5051500E3AE3E /* AddCityView.swift */,
				FD4FD3E128C5050800E3AE3E /* AddCityViewController.swift */,
				FD4FD3E528C5052600E3AE3E /* AddCityViewModel.swift */,
			);
			path = AddNewCityViewController;
			sourceTree = "<group>";
		};
		FDC4EC0B2888422B004DCBA4 = {
			isa = PBXGroup;
			children = (
				FDC4EC162888422B004DCBA4 /* Weather App */,
				FDC4EC152888422B004DCBA4 /* Products */,
				F7B97734DC356F78CDCA5761 /* Pods */,
				96C43EF1166B6AA00690E82A /* Frameworks */,
			);
			sourceTree = "<group>";
		};
		FDC4EC152888422B004DCBA4 /* Products */ = {
			isa = PBXGroup;
			children = (
				FDC4EC142888422B004DCBA4 /* Weather App.app */,
			);
			name = Products;
			sourceTree = "<group>";
		};
		FDC4EC162888422B004DCBA4 /* Weather App */ = {
			isa = PBXGroup;
			children = (
				FDD6AA4128A69FCA0020F03C /* Flow */,
				FDC4EC172888422B004DCBA4 /* AppDelegate.swift */,
				FDC4EC192888422B004DCBA4 /* SceneDelegate.swift */,
				FDC4EC1D2888422B004DCBA4 /* Main.storyboard */,
				FDC4EC202888422E004DCBA4 /* Assets.xcassets */,
				FDC4EC222888422E004DCBA4 /* LaunchScreen.storyboard */,
				FDC4EC252888422E004DCBA4 /* Info.plist */,
				FDB8C61528A3D33900556D5C /* GoogleService-Info.plist */,
				FD23A3DC289BE63E00CD519A /* Localizable.strings */,
			);
			path = "Weather App";
			sourceTree = "<group>";
		};
		FDD6AA4128A69FCA0020F03C /* Flow */ = {
			isa = PBXGroup;
			children = (
				FDD6AA4228A69FE00020F03C /* FirstFlow */,
			);
			path = Flow;
			sourceTree = "<group>";
		};
		FDD6AA4228A69FE00020F03C /* FirstFlow */ = {
			isa = PBXGroup;
			children = (
				FD4FD3DD28C4EF0D00E3AE3E /* Entities */,
				FD2EA74B28C4EDC600B3DDC5 /* Services */,
				FDD6AA4328A69FFB0020F03C /* Controllers */,
			);
			path = FirstFlow;
			sourceTree = "<group>";
		};
		FDD6AA4328A69FFB0020F03C /* Controllers */ = {
			isa = PBXGroup;
			children = (
				FD4FD3E028C504E600E3AE3E /* AddNewCityViewController */,
				FDD6AA4B28A6A8A60020F03C /* FirstViewController */,
				FDD6AA4C28A6A8D20020F03C /* WeatherVIewController */,
			);
			path = Controllers;
			sourceTree = "<group>";
		};
		FDD6AA4428A6A0040020F03C /* Cells */ = {
			isa = PBXGroup;
			children = (
				FDC4EC2B28884E80004DCBA4 /* NavigationTableViewCell.swift */,
				FD4FD3EA28C5073700E3AE3E /* NavigationTableViewCell.xib */,
			);
			path = Cells;
			sourceTree = "<group>";
		};
		FDD6AA4B28A6A8A60020F03C /* FirstViewController */ = {
			isa = PBXGroup;
			children = (
				FDD6AA4428A6A0040020F03C /* Cells */,
				FDD6AA4528A6A0200020F03C /* CitiesListView.swift */,
				FDD6AA4728A6A0310020F03C /* CitiesListViewController.swift */,
				FDD6AA4928A6A0470020F03C /* CitiesListViewModel.swift */,
			);
			path = FirstViewController;
			sourceTree = "<group>";
		};
		FDD6AA4C28A6A8D20020F03C /* WeatherVIewController */ = {
			isa = PBXGroup;
			children = (
				FDD6AA5328AA69390020F03C /* Cells */,
				FDD6AA4D28A6A90F0020F03C /* WeatherView.swift */,
				FDD6AA4F28A6A91A0020F03C /* WeatherViewController.swift */,
				FDD6AA5128A6A9250020F03C /* WeatherViewModel.swift */,
			);
			path = WeatherVIewController;
			sourceTree = "<group>";
		};
		FDD6AA5328AA69390020F03C /* Cells */ = {
			isa = PBXGroup;
			children = (
				FD6118CE2895721500766D77 /* WeatherTableViewCell.swift */,
			);
			path = Cells;
			sourceTree = "<group>";
		};
/* End PBXGroup section */

/* Begin PBXNativeTarget section */
		FDC4EC132888422B004DCBA4 /* Weather App */ = {
			isa = PBXNativeTarget;
			buildConfigurationList = FDC4EC282888422E004DCBA4 /* Build configuration list for PBXNativeTarget "Weather App" */;
			buildPhases = (
				7A3316E9A21C703C50940B34 /* [CP] Check Pods Manifest.lock */,
				FDC4EC102888422B004DCBA4 /* Sources */,
				FDC4EC112888422B004DCBA4 /* Frameworks */,
				FDC4EC122888422B004DCBA4 /* Resources */,
				D586B48823C6A86C2A85FD91 /* [CP] Embed Pods Frameworks */,
				FDB8C61728A3D6CB00556D5C /* ShellScript */,
			);
			buildRules = (
			);
			dependencies = (
			);
			name = "Weather App";
			productName = "Weather App";
			productReference = FDC4EC142888422B004DCBA4 /* Weather App.app */;
			productType = "com.apple.product-type.application";
		};
/* End PBXNativeTarget section */

/* Begin PBXProject section */
		FDC4EC0C2888422B004DCBA4 /* Project object */ = {
			isa = PBXProject;
			attributes = {
				BuildIndependentTargetsInParallel = 1;
				LastSwiftUpdateCheck = 1320;
				LastUpgradeCheck = 1320;
				TargetAttributes = {
					FDC4EC132888422B004DCBA4 = {
						CreatedOnToolsVersion = 13.2.1;
					};
				};
			};
			buildConfigurationList = FDC4EC0F2888422B004DCBA4 /* Build configuration list for PBXProject "Weather App" */;
			compatibilityVersion = "Xcode 13.0";
			developmentRegion = en;
			hasScannedForEncodings = 0;
			knownRegions = (
				en,
				Base,
				ru,
			);
			mainGroup = FDC4EC0B2888422B004DCBA4;
			productRefGroup = FDC4EC152888422B004DCBA4 /* Products */;
			projectDirPath = "";
			projectRoot = "";
			targets = (
				FDC4EC132888422B004DCBA4 /* Weather App */,
			);
		};
/* End PBXProject section */

/* Begin PBXResourcesBuildPhase section */
		FDC4EC122888422B004DCBA4 /* Resources */ = {
			isa = PBXResourcesBuildPhase;
			buildActionMask = 2147483647;
			files = (
				FDD6AA5828AA76440020F03C /* GoogleService-Info.plist in Resources */,
				FD4FD3EB28C5073700E3AE3E /* NavigationTableViewCell.xib in Resources */,
				FDD6AA5728AA76400020F03C /* Localizable.strings in Resources */,
				FDD6AA5628AA763A0020F03C /* Assets.xcassets in Resources */,
				FDD6AA5528AA76370020F03C /* LaunchScreen.storyboard in Resources */,
				FDD6AA5428AA76330020F03C /* Main.storyboard in Resources */,
			);
			runOnlyForDeploymentPostprocessing = 0;
		};
/* End PBXResourcesBuildPhase section */

/* Begin PBXShellScriptBuildPhase section */
		7A3316E9A21C703C50940B34 /* [CP] Check Pods Manifest.lock */ = {
			isa = PBXShellScriptBuildPhase;
			buildActionMask = 2147483647;
			files = (
			);
			inputFileListPaths = (
			);
			inputPaths = (
				"${PODS_PODFILE_DIR_PATH}/Podfile.lock",
				"${PODS_ROOT}/Manifest.lock",
			);
			name = "[CP] Check Pods Manifest.lock";
			outputFileListPaths = (
			);
			outputPaths = (
				"$(DERIVED_FILE_DIR)/Pods-Weather App-checkManifestLockResult.txt",
			);
			runOnlyForDeploymentPostprocessing = 0;
			shellPath = /bin/sh;
			shellScript = "diff \"${PODS_PODFILE_DIR_PATH}/Podfile.lock\" \"${PODS_ROOT}/Manifest.lock\" > /dev/null\nif [ $? != 0 ] ; then\n    # print error to STDERR\n    echo \"error: The sandbox is not in sync with the Podfile.lock. Run 'pod install' or update your CocoaPods installation.\" >&2\n    exit 1\nfi\n# This output is used by Xcode 'outputs' to avoid re-running this script phase.\necho \"SUCCESS\" > \"${SCRIPT_OUTPUT_FILE_0}\"\n";
			showEnvVarsInLog = 0;
		};
		D586B48823C6A86C2A85FD91 /* [CP] Embed Pods Frameworks */ = {
			isa = PBXShellScriptBuildPhase;
			buildActionMask = 2147483647;
			files = (
			);
			inputFileListPaths = (
				"${PODS_ROOT}/Target Support Files/Pods-Weather App/Pods-Weather App-frameworks-${CONFIGURATION}-input-files.xcfilelist",
			);
			name = "[CP] Embed Pods Frameworks";
			outputFileListPaths = (
				"${PODS_ROOT}/Target Support Files/Pods-Weather App/Pods-Weather App-frameworks-${CONFIGURATION}-output-files.xcfilelist",
			);
			runOnlyForDeploymentPostprocessing = 0;
			shellPath = /bin/sh;
			shellScript = "\"${PODS_ROOT}/Target Support Files/Pods-Weather App/Pods-Weather App-frameworks.sh\"\n";
			showEnvVarsInLog = 0;
		};
		FDB8C61728A3D6CB00556D5C /* ShellScript */ = {
			isa = PBXShellScriptBuildPhase;
			buildActionMask = 2147483647;
			files = (
			);
			inputFileListPaths = (
			);
			inputPaths = (
				"${DWARF_DSYM_FOLDER_PATH}/${DWARF_DSYM_FILE_NAME}/Contents/Resources/DWARF/${TARGET_NAME}",
				"$(SRCROOT)/$(BUILT_PRODUCTS_DIR)/$(INFOPLIST_PATH)",
			);
			outputFileListPaths = (
			);
			outputPaths = (
			);
			runOnlyForDeploymentPostprocessing = 0;
			shellPath = /bin/sh;
			shellScript = "\"${PODS_ROOT}/FirebaseCrashlytics/run\"\n";
		};
/* End PBXShellScriptBuildPhase section */

/* Begin PBXSourcesBuildPhase section */
		FDC4EC102888422B004DCBA4 /* Sources */ = {
			isa = PBXSourcesBuildPhase;
			buildActionMask = 2147483647;
			files = (
				FDD6AA4628A6A0200020F03C /* CitiesListView.swift in Sources */,
				FDD6AA5228A6A9250020F03C /* WeatherViewModel.swift in Sources */,
				FD6118CF2895721500766D77 /* WeatherTableViewCell.swift in Sources */,
				FD2EA74D28C4EDD800B3DDC5 /* CityService.swift in Sources */,
				FDD6AA4828A6A0310020F03C /* CitiesListViewController.swift in Sources */,
				FD4FD3DF28C4EF8400E3AE3E /* City.swift in Sources */,
				FDD6AA4E28A6A90F0020F03C /* WeatherView.swift in Sources */,
				FD4FD3E428C5051500E3AE3E /* AddCityView.swift in Sources */,
				FDC4EC182888422B004DCBA4 /* AppDelegate.swift in Sources */,
				FD4FD3E228C5050800E3AE3E /* AddCityViewController.swift in Sources */,
				FDC4EC1A2888422B004DCBA4 /* SceneDelegate.swift in Sources */,
				FD4FD3E628C5052600E3AE3E /* AddCityViewModel.swift in Sources */,
				FDD6AA4A28A6A0470020F03C /* CitiesListViewModel.swift in Sources */,
				FDC4EC2C28884E80004DCBA4 /* NavigationTableViewCell.swift in Sources */,
				FDD6AA5028A6A91A0020F03C /* WeatherViewController.swift in Sources */,
			);
			runOnlyForDeploymentPostprocessing = 0;
		};
/* End PBXSourcesBuildPhase section */

/* Begin PBXVariantGroup section */
		FD23A3DC289BE63E00CD519A /* Localizable.strings */ = {
			isa = PBXVariantGroup;
			children = (
				FD23A3DB289BE63E00CD519A /* en */,
				FD23A3DD289BE69F00CD519A /* ru */,
			);
			name = Localizable.strings;
			sourceTree = "<group>";
		};
		FDC4EC1D2888422B004DCBA4 /* Main.storyboard */ = {
			isa = PBXVariantGroup;
			children = (
				FDC4EC1E2888422B004DCBA4 /* Base */,
			);
			name = Main.storyboard;
			sourceTree = "<group>";
		};
		FDC4EC222888422E004DCBA4 /* LaunchScreen.storyboard */ = {
			isa = PBXVariantGroup;
			children = (
				FDC4EC232888422E004DCBA4 /* Base */,
			);
			name = LaunchScreen.storyboard;
			sourceTree = "<group>";
		};
/* End PBXVariantGroup section */

/* Begin XCBuildConfiguration section */
		FDC4EC262888422E004DCBA4 /* Debug */ = {
			isa = XCBuildConfiguration;
			buildSettings = {
				ALWAYS_SEARCH_USER_PATHS = NO;
				CLANG_ANALYZER_LOCALIZABILITY_NONLOCALIZED = YES;
				CLANG_ANALYZER_NONNULL = YES;
				CLANG_ANALYZER_NUMBER_OBJECT_CONVERSION = YES_AGGRESSIVE;
				CLANG_CXX_LANGUAGE_STANDARD = "gnu++17";
				CLANG_CXX_LIBRARY = "libc++";
				CLANG_ENABLE_MODULES = YES;
				CLANG_ENABLE_OBJC_ARC = YES;
				CLANG_ENABLE_OBJC_WEAK = YES;
				CLANG_WARN_BLOCK_CAPTURE_AUTORELEASING = YES;
				CLANG_WARN_BOOL_CONVERSION = YES;
				CLANG_WARN_COMMA = YES;
				CLANG_WARN_CONSTANT_CONVERSION = YES;
				CLANG_WARN_DEPRECATED_OBJC_IMPLEMENTATIONS = YES;
				CLANG_WARN_DIRECT_OBJC_ISA_USAGE = YES_ERROR;
				CLANG_WARN_DOCUMENTATION_COMMENTS = YES;
				CLANG_WARN_EMPTY_BODY = YES;
				CLANG_WARN_ENUM_CONVERSION = YES;
				CLANG_WARN_INFINITE_RECURSION = YES;
				CLANG_WARN_INT_CONVERSION = YES;
				CLANG_WARN_NON_LITERAL_NULL_CONVERSION = YES;
				CLANG_WARN_OBJC_IMPLICIT_RETAIN_SELF = YES;
				CLANG_WARN_OBJC_LITERAL_CONVERSION = YES;
				CLANG_WARN_OBJC_ROOT_CLASS = YES_ERROR;
				CLANG_WARN_QUOTED_INCLUDE_IN_FRAMEWORK_HEADER = YES;
				CLANG_WARN_RANGE_LOOP_ANALYSIS = YES;
				CLANG_WARN_STRICT_PROTOTYPES = YES;
				CLANG_WARN_SUSPICIOUS_MOVE = YES;
				CLANG_WARN_UNGUARDED_AVAILABILITY = YES_AGGRESSIVE;
				CLANG_WARN_UNREACHABLE_CODE = YES;
				CLANG_WARN__DUPLICATE_METHOD_MATCH = YES;
				COPY_PHASE_STRIP = NO;
				DEBUG_INFORMATION_FORMAT = dwarf;
				ENABLE_STRICT_OBJC_MSGSEND = YES;
				ENABLE_TESTABILITY = YES;
				GCC_C_LANGUAGE_STANDARD = gnu11;
				GCC_DYNAMIC_NO_PIC = NO;
				GCC_NO_COMMON_BLOCKS = YES;
				GCC_OPTIMIZATION_LEVEL = 0;
				GCC_PREPROCESSOR_DEFINITIONS = (
					"DEBUG=1",
					"$(inherited)",
				);
				GCC_WARN_64_TO_32_BIT_CONVERSION = YES;
				GCC_WARN_ABOUT_RETURN_TYPE = YES_ERROR;
				GCC_WARN_UNDECLARED_SELECTOR = YES;
				GCC_WARN_UNINITIALIZED_AUTOS = YES_AGGRESSIVE;
				GCC_WARN_UNUSED_FUNCTION = YES;
				GCC_WARN_UNUSED_VARIABLE = YES;
				IPHONEOS_DEPLOYMENT_TARGET = 15.2;
				MTL_ENABLE_DEBUG_INFO = INCLUDE_SOURCE;
				MTL_FAST_MATH = YES;
				ONLY_ACTIVE_ARCH = YES;
				SDKROOT = iphoneos;
				SWIFT_ACTIVE_COMPILATION_CONDITIONS = DEBUG;
				SWIFT_OPTIMIZATION_LEVEL = "-Onone";
			};
			name = Debug;
		};
		FDC4EC272888422E004DCBA4 /* Release */ = {
			isa = XCBuildConfiguration;
			buildSettings = {
				ALWAYS_SEARCH_USER_PATHS = NO;
				CLANG_ANALYZER_LOCALIZABILITY_NONLOCALIZED = YES;
				CLANG_ANALYZER_NONNULL = YES;
				CLANG_ANALYZER_NUMBER_OBJECT_CONVERSION = YES_AGGRESSIVE;
				CLANG_CXX_LANGUAGE_STANDARD = "gnu++17";
				CLANG_CXX_LIBRARY = "libc++";
				CLANG_ENABLE_MODULES = YES;
				CLANG_ENABLE_OBJC_ARC = YES;
				CLANG_ENABLE_OBJC_WEAK = YES;
				CLANG_WARN_BLOCK_CAPTURE_AUTORELEASING = YES;
				CLANG_WARN_BOOL_CONVERSION = YES;
				CLANG_WARN_COMMA = YES;
				CLANG_WARN_CONSTANT_CONVERSION = YES;
				CLANG_WARN_DEPRECATED_OBJC_IMPLEMENTATIONS = YES;
				CLANG_WARN_DIRECT_OBJC_ISA_USAGE = YES_ERROR;
				CLANG_WARN_DOCUMENTATION_COMMENTS = YES;
				CLANG_WARN_EMPTY_BODY = YES;
				CLANG_WARN_ENUM_CONVERSION = YES;
				CLANG_WARN_INFINITE_RECURSION = YES;
				CLANG_WARN_INT_CONVERSION = YES;
				CLANG_WARN_NON_LITERAL_NULL_CONVERSION = YES;
				CLANG_WARN_OBJC_IMPLICIT_RETAIN_SELF = YES;
				CLANG_WARN_OBJC_LITERAL_CONVERSION = YES;
				CLANG_WARN_OBJC_ROOT_CLASS = YES_ERROR;
				CLANG_WARN_QUOTED_INCLUDE_IN_FRAMEWORK_HEADER = YES;
				CLANG_WARN_RANGE_LOOP_ANALYSIS = YES;
				CLANG_WARN_STRICT_PROTOTYPES = YES;
				CLANG_WARN_SUSPICIOUS_MOVE = YES;
				CLANG_WARN_UNGUARDED_AVAILABILITY = YES_AGGRESSIVE;
				CLANG_WARN_UNREACHABLE_CODE = YES;
				CLANG_WARN__DUPLICATE_METHOD_MATCH = YES;
				COPY_PHASE_STRIP = NO;
				DEBUG_INFORMATION_FORMAT = "dwarf-with-dsym";
				ENABLE_NS_ASSERTIONS = NO;
				ENABLE_STRICT_OBJC_MSGSEND = YES;
				GCC_C_LANGUAGE_STANDARD = gnu11;
				GCC_NO_COMMON_BLOCKS = YES;
				GCC_WARN_64_TO_32_BIT_CONVERSION = YES;
				GCC_WARN_ABOUT_RETURN_TYPE = YES_ERROR;
				GCC_WARN_UNDECLARED_SELECTOR = YES;
				GCC_WARN_UNINITIALIZED_AUTOS = YES_AGGRESSIVE;
				GCC_WARN_UNUSED_FUNCTION = YES;
				GCC_WARN_UNUSED_VARIABLE = YES;
				IPHONEOS_DEPLOYMENT_TARGET = 15.2;
				MTL_ENABLE_DEBUG_INFO = NO;
				MTL_FAST_MATH = YES;
				SDKROOT = iphoneos;
				SWIFT_COMPILATION_MODE = wholemodule;
				SWIFT_OPTIMIZATION_LEVEL = "-O";
				VALIDATE_PRODUCT = YES;
			};
			name = Release;
		};
		FDC4EC292888422E004DCBA4 /* Debug */ = {
			isa = XCBuildConfiguration;
			baseConfigurationReference = 7908FB770C12C82F2A1241C9 /* Pods-Weather App.debug.xcconfig */;
			buildSettings = {
				ASSETCATALOG_COMPILER_APPICON_NAME = AppIcon;
				ASSETCATALOG_COMPILER_GLOBAL_ACCENT_COLOR_NAME = AccentColor;
				CODE_SIGN_STYLE = Automatic;
				CURRENT_PROJECT_VERSION = 1;
				DEBUG_INFORMATION_FORMAT = "dwarf-with-dsym";
				GENERATE_INFOPLIST_FILE = YES;
				INFOPLIST_FILE = "Weather App/Info.plist";
				INFOPLIST_KEY_UIApplicationSupportsIndirectInputEvents = YES;
				INFOPLIST_KEY_UILaunchStoryboardName = LaunchScreen;
				INFOPLIST_KEY_UIMainStoryboardFile = Main;
				INFOPLIST_KEY_UISupportedInterfaceOrientations_iPad = "UIInterfaceOrientationPortrait UIInterfaceOrientationPortraitUpsideDown UIInterfaceOrientationLandscapeLeft UIInterfaceOrientationLandscapeRight";
				INFOPLIST_KEY_UISupportedInterfaceOrientations_iPhone = "UIInterfaceOrientationPortrait UIInterfaceOrientationLandscapeLeft UIInterfaceOrientationLandscapeRight";
				LD_RUNPATH_SEARCH_PATHS = (
					"$(inherited)",
					"@executable_path/Frameworks",
				);
				MARKETING_VERSION = 1.0;
				PRODUCT_BUNDLE_IDENTIFIER = "com.tms.Weather-App";
				PRODUCT_NAME = "$(TARGET_NAME)";
				SWIFT_EMIT_LOC_STRINGS = YES;
				SWIFT_VERSION = 5.0;
				TARGETED_DEVICE_FAMILY = 1;
			};
			name = Debug;
		};
		FDC4EC2A2888422E004DCBA4 /* Release */ = {
			isa = XCBuildConfiguration;
			baseConfigurationReference = AF8CC4542ACFD86F93EF27AD /* Pods-Weather App.release.xcconfig */;
			buildSettings = {
				ASSETCATALOG_COMPILER_APPICON_NAME = AppIcon;
				ASSETCATALOG_COMPILER_GLOBAL_ACCENT_COLOR_NAME = AccentColor;
				CODE_SIGN_STYLE = Automatic;
				CURRENT_PROJECT_VERSION = 1;
				GENERATE_INFOPLIST_FILE = YES;
				INFOPLIST_FILE = "Weather App/Info.plist";
				INFOPLIST_KEY_UIApplicationSupportsIndirectInputEvents = YES;
				INFOPLIST_KEY_UILaunchStoryboardName = LaunchScreen;
				INFOPLIST_KEY_UIMainStoryboardFile = Main;
				INFOPLIST_KEY_UISupportedInterfaceOrientations_iPad = "UIInterfaceOrientationPortrait UIInterfaceOrientationPortraitUpsideDown UIInterfaceOrientationLandscapeLeft UIInterfaceOrientationLandscapeRight";
				INFOPLIST_KEY_UISupportedInterfaceOrientations_iPhone = "UIInterfaceOrientationPortrait UIInterfaceOrientationLandscapeLeft UIInterfaceOrientationLandscapeRight";
				LD_RUNPATH_SEARCH_PATHS = (
					"$(inherited)",
					"@executable_path/Frameworks",
				);
				MARKETING_VERSION = 1.0;
				PRODUCT_BUNDLE_IDENTIFIER = "com.tms.Weather-App";
				PRODUCT_NAME = "$(TARGET_NAME)";
				SWIFT_EMIT_LOC_STRINGS = YES;
				SWIFT_VERSION = 5.0;
				TARGETED_DEVICE_FAMILY = 1;
			};
			name = Release;
		};
/* End XCBuildConfiguration section */

/* Begin XCConfigurationList section */
		FDC4EC0F2888422B004DCBA4 /* Build configuration list for PBXProject "Weather App" */ = {
			isa = XCConfigurationList;
			buildConfigurations = (
				FDC4EC262888422E004DCBA4 /* Debug */,
				FDC4EC272888422E004DCBA4 /* Release */,
			);
			defaultConfigurationIsVisible = 0;
			defaultConfigurationName = Release;
		};
		FDC4EC282888422E004DCBA4 /* Build configuration list for PBXNativeTarget "Weather App" */ = {
			isa = XCConfigurationList;
			buildConfigurations = (
				FDC4EC292888422E004DCBA4 /* Debug */,
				FDC4EC2A2888422E004DCBA4 /* Release */,
			);
			defaultConfigurationIsVisible = 0;
			defaultConfigurationName = Release;
		};
/* End XCConfigurationList section */
	};
	rootObject = FDC4EC0C2888422B004DCBA4 /* Project object */;
}
